
Microsoft Visual Studio Solution File, Format Version 12.00
# Visual Studio Version 17
VisualStudioVersion = 17.3.32929.385
MinimumVisualStudioVersion = 10.0.40219.1
Project("{2150E333-8FDC-42A3-9474-1A3956D46DE8}") = "Solution Items", "Solution Items", "{7F31E1D6-3241-4D6D-8414-DB1D14771EAC}"
	ProjectSection(SolutionItems) = preProject
		README.md = README.md
	EndProjectSection
EndProject
Project("{9A19103F-16F7-4668-BE54-9A1E7A4F7556}") = "DalFacade", "DalFacade\DalFacade.csproj", "{40977969-8ECB-44C2-98F8-A365148F6055}"
EndProject
Project("{9A19103F-16F7-4668-BE54-9A1E7A4F7556}") = "DalList", "DalList\DalList.csproj", "{E68ACE82-8E04-4A13-98AE-5446EBA11485}"
	ProjectSection(ProjectDependencies) = postProject
		{40977969-8ECB-44C2-98F8-A365148F6055} = {40977969-8ECB-44C2-98F8-A365148F6055}
	EndProjectSection
EndProject
Project("{9A19103F-16F7-4668-BE54-9A1E7A4F7556}") = "DalTest", "DalTest\DalTest.csproj", "{5EA0109C-1533-4E9A-9A44-86699AF40785}"
EndProject
Project("{9A19103F-16F7-4668-BE54-9A1E7A4F7556}") = "BL", "BL\BL.csproj", "{48427ABA-98B7-4A9A-B735-5614AB5B03CF}"
EndProject
Project("{9A19103F-16F7-4668-BE54-9A1E7A4F7556}") = "BlTest", "BlTest\BlTest.csproj", "{63D81780-0822-4119-9B85-064CA68BC3E5}"
	ProjectSection(ProjectDependencies) = postProject
		{48427ABA-98B7-4A9A-B735-5614AB5B03CF} = {48427ABA-98B7-4A9A-B735-5614AB5B03CF}
	EndProjectSection
EndProject
Project("{9A19103F-16F7-4668-BE54-9A1E7A4F7556}") = "PL", "PL\PL.csproj", "{6870E96F-525E-4E82-A2B8-595B94BDD593}"
EndProject
Project("{2150E333-8FDC-42A3-9474-1A3956D46DE8}") = "xml", "xml", "{611A7303-B051-4B7F-8729-1EDDC4615936}"
	ProjectSection(SolutionItems) = preProject
		xml\dal-config.xml = xml\dal-config.xml
	EndProjectSection
EndProject
Project("{9A19103F-16F7-4668-BE54-9A1E7A4F7556}") = "stage0", "stage0\stage0.csproj", "{63C4D7EF-6C79-4B33-B935-9346B091B6EC}"
EndProject
Global
	GlobalSection(SolutionConfigurationPlatforms) = preSolution
		Debug|Any CPU = Debug|Any CPU
		Release|Any CPU = Release|Any CPU
	EndGlobalSection
	GlobalSection(ProjectConfigurationPlatforms) = postSolution
		{40977969-8ECB-44C2-98F8-A365148F6055}.Debug|Any CPU.ActiveCfg = Debug|Any CPU
		{40977969-8ECB-44C2-98F8-A365148F6055}.Debug|Any CPU.Build.0 = Debug|Any CPU
		{40977969-8ECB-44C2-98F8-A365148F6055}.Release|Any CPU.ActiveCfg = Release|Any CPU
		{40977969-8ECB-44C2-98F8-A365148F6055}.Release|Any CPU.Build.0 = Release|Any CPU
		{E68ACE82-8E04-4A13-98AE-5446EBA11485}.Debug|Any CPU.ActiveCfg = Debug|Any CPU
		{E68ACE82-8E04-4A13-98AE-5446EBA11485}.Debug|Any CPU.Build.0 = Debug|Any CPU
		{E68ACE82-8E04-4A13-98AE-5446EBA11485}.Release|Any CPU.ActiveCfg = Release|Any CPU
		{E68ACE82-8E04-4A13-98AE-5446EBA11485}.Release|Any CPU.Build.0 = Release|Any CPU
		{5EA0109C-1533-4E9A-9A44-86699AF40785}.Debug|Any CPU.ActiveCfg = Debug|Any CPU
		{5EA0109C-1533-4E9A-9A44-86699AF40785}.Debug|Any CPU.Build.0 = Debug|Any CPU
		{5EA0109C-1533-4E9A-9A44-86699AF40785}.Release|Any CPU.ActiveCfg = Release|Any CPU
		{5EA0109C-1533-4E9A-9A44-86699AF40785}.Release|Any CPU.Build.0 = Release|Any CPU
		{48427ABA-98B7-4A9A-B735-5614AB5B03CF}.Debug|Any CPU.ActiveCfg = Debug|Any CPU
		{48427ABA-98B7-4A9A-B735-5614AB5B03CF}.Debug|Any CPU.Build.0 = Debug|Any CPU
		{48427ABA-98B7-4A9A-B735-5614AB5B03CF}.Release|Any CPU.ActiveCfg = Release|Any CPU
		{48427ABA-98B7-4A9A-B735-5614AB5B03CF}.Release|Any CPU.Build.0 = Release|Any CPU
		{63D81780-0822-4119-9B85-064CA68BC3E5}.Debug|Any CPU.ActiveCfg = Debug|Any CPU
		{63D81780-0822-4119-9B85-064CA68BC3E5}.Debug|Any CPU.Build.0 = Debug|Any CPU
		{63D81780-0822-4119-9B85-064CA68BC3E5}.Release|Any CPU.ActiveCfg = Release|Any CPU
		{63D81780-0822-4119-9B85-064CA68BC3E5}.Release|Any CPU.Build.0 = Release|Any CPU
		{6870E96F-525E-4E82-A2B8-595B94BDD593}.Debug|Any CPU.ActiveCfg = Debug|Any CPU
		{6870E96F-525E-4E82-A2B8-595B94BDD593}.Debug|Any CPU.Build.0 = Debug|Any CPU
		{6870E96F-525E-4E82-A2B8-595B94BDD593}.Release|Any CPU.ActiveCfg = Release|Any CPU
		{6870E96F-525E-4E82-A2B8-595B94BDD593}.Release|Any CPU.Build.0 = Release|Any CPU
		{63C4D7EF-6C79-4B33-B935-9346B091B6EC}.Debug|Any CPU.ActiveCfg = Debug|Any CPU
		{63C4D7EF-6C79-4B33-B935-9346B091B6EC}.Debug|Any CPU.Build.0 = Debug|Any CPU
		{63C4D7EF-6C79-4B33-B935-9346B091B6EC}.Release|Any CPU.ActiveCfg = Release|Any CPU
		{63C4D7EF-6C79-4B33-B935-9346B091B6EC}.Release|Any CPU.Build.0 = Release|Any CPU
	EndGlobalSection
	GlobalSection(SolutionProperties) = preSolution
		HideSolutionNode = FALSE
	EndGlobalSection
	GlobalSection(ExtensibilityGlobals) = postSolution
		SolutionGuid = {9B6D4D04-F718-4450-BCB2-678DC72BE59A}
	EndGlobalSection
EndGlobal
