
Microsoft Visual Studio Solution File, Format Version 12.00
# Visual Studio Version 17
VisualStudioVersion = 17.3.32929.385
MinimumVisualStudioVersion = 10.0.40219.1
Project("{9A19103F-16F7-4668-BE54-9A1E7A4F7556}") = "stage0", "stage0\stage0.csproj", "{EBD6505B-CCBE-4C9F-8EBC-9821C3F2025E}"
EndProject
Project("{2150E333-8FDC-42A3-9474-1A3956D46DE8}") = "Solution Items", "Solution Items", "{7F31E1D6-3241-4D6D-8414-DB1D14771EAC}"
	ProjectSection(SolutionItems) = preProject
		..\README.md = ..\README.md
	EndProjectSection
EndProject
Project("{2150E333-8FDC-42A3-9474-1A3956D46DE8}") = "Solution Items (2)", "Solution Items (2)", "{BA809A5B-1488-462F-95A4-76911B73413B}"
	ProjectSection(SolutionItems) = preProject
		..\README.md = ..\README.md
	EndProjectSection
EndProject
Project("{9A19103F-16F7-4668-BE54-9A1E7A4F7556}") = "DalList", "DalList\DalList.csproj", "{BC34CD01-7E24-4DB1-B429-840BE39A840E}"
EndProject
Project("{9A19103F-16F7-4668-BE54-9A1E7A4F7556}") = "DalFacade", "DalFacade\DalFacade.csproj", "{BD32E6BF-C1A0-4DC1-85DD-0CDCB41D3249}"
EndProject
Project("{FAE04EC0-301F-11D3-BF4B-00C04F79EFBC}") = "DalTest", "DalTest\DalTest.csproj", "{2724AA5E-94BE-4901-B539-FD688FD30209}"
	ProjectSection(ProjectDependencies) = postProject
		{BC34CD01-7E24-4DB1-B429-840BE39A840E} = {BC34CD01-7E24-4DB1-B429-840BE39A840E}
		{BD32E6BF-C1A0-4DC1-85DD-0CDCB41D3249} = {BD32E6BF-C1A0-4DC1-85DD-0CDCB41D3249}
	EndProjectSection
EndProject
Global
	GlobalSection(SolutionConfigurationPlatforms) = preSolution
		Debug|Any CPU = Debug|Any CPU
		Release|Any CPU = Release|Any CPU
	EndGlobalSection
	GlobalSection(ProjectConfigurationPlatforms) = postSolution
		{EBD6505B-CCBE-4C9F-8EBC-9821C3F2025E}.Debug|Any CPU.ActiveCfg = Debug|Any CPU
		{EBD6505B-CCBE-4C9F-8EBC-9821C3F2025E}.Debug|Any CPU.Build.0 = Debug|Any CPU
		{EBD6505B-CCBE-4C9F-8EBC-9821C3F2025E}.Release|Any CPU.ActiveCfg = Release|Any CPU
		{EBD6505B-CCBE-4C9F-8EBC-9821C3F2025E}.Release|Any CPU.Build.0 = Release|Any CPU
		{BC34CD01-7E24-4DB1-B429-840BE39A840E}.Debug|Any CPU.ActiveCfg = Debug|Any CPU
		{BC34CD01-7E24-4DB1-B429-840BE39A840E}.Debug|Any CPU.Build.0 = Debug|Any CPU
		{BC34CD01-7E24-4DB1-B429-840BE39A840E}.Release|Any CPU.ActiveCfg = Release|Any CPU
		{BC34CD01-7E24-4DB1-B429-840BE39A840E}.Release|Any CPU.Build.0 = Release|Any CPU
		{BD32E6BF-C1A0-4DC1-85DD-0CDCB41D3249}.Debug|Any CPU.ActiveCfg = Debug|Any CPU
		{BD32E6BF-C1A0-4DC1-85DD-0CDCB41D3249}.Debug|Any CPU.Build.0 = Debug|Any CPU
		{BD32E6BF-C1A0-4DC1-85DD-0CDCB41D3249}.Release|Any CPU.ActiveCfg = Release|Any CPU
		{BD32E6BF-C1A0-4DC1-85DD-0CDCB41D3249}.Release|Any CPU.Build.0 = Release|Any CPU
		{2724AA5E-94BE-4901-B539-FD688FD30209}.Debug|Any CPU.ActiveCfg = Debug|Any CPU
		{2724AA5E-94BE-4901-B539-FD688FD30209}.Debug|Any CPU.Build.0 = Debug|Any CPU
		{2724AA5E-94BE-4901-B539-FD688FD30209}.Release|Any CPU.ActiveCfg = Release|Any CPU
		{2724AA5E-94BE-4901-B539-FD688FD30209}.Release|Any CPU.Build.0 = Release|Any CPU
	EndGlobalSection
	GlobalSection(SolutionProperties) = preSolution
		HideSolutionNode = FALSE
	EndGlobalSection
	GlobalSection(NestedProjects) = preSolution
		{BD32E6BF-C1A0-4DC1-85DD-0CDCB41D3249} = {7F31E1D6-3241-4D6D-8414-DB1D14771EAC}
	EndGlobalSection
	GlobalSection(ExtensibilityGlobals) = postSolution
		SolutionGuid = {9B6D4D04-F718-4450-BCB2-678DC72BE59A}
	EndGlobalSection
EndGlobal
